
Microsoft Visual Studio Solution File, Format Version 12.00
# Visual Studio Version 17
VisualStudioVersion = 17.1.32421.90
MinimumVisualStudioVersion = 10.0.40219.1
Project("{9A19103F-16F7-4668-BE54-9A1E7A4F7556}") = "SharedService", "src\Shared\SharedService\SharedService.csproj", "{B74BA65E-D712-4BBD-8559-933F52A5A55D}"
EndProject
Project("{2150E333-8FDC-42A3-9474-1A3956D46DE8}") = "src", "src", "{CB783532-3521-4E93-9144-998C8054807E}"
EndProject
Project("{2150E333-8FDC-42A3-9474-1A3956D46DE8}") = "Shared", "Shared", "{AD21AD0F-0F6F-4C1E-9DF2-5828F5EFAD69}"
EndProject
Project("{9A19103F-16F7-4668-BE54-9A1E7A4F7556}") = "Shared.Host", "src\Shared\Shared.Host\Shared.Host.csproj", "{E7928BE9-7855-4E19-8D02-FAE8B190159E}"
EndProject
Project("{2150E333-8FDC-42A3-9474-1A3956D46DE8}") = "Services", "Services", "{BD78775D-704B-4BA7-BF61-50963752926B}"
EndProject
Project("{2150E333-8FDC-42A3-9474-1A3956D46DE8}") = "DAQ", "DAQ", "{981EF794-E03D-45BC-B868-C2531C39B2A7}"
EndProject
Project("{9A19103F-16F7-4668-BE54-9A1E7A4F7556}") = "DAQ.API", "src\Services\EpicorBTWRestService\EpicorBTWRest.API\DAQ.API.csproj", "{BBBF2C99-5F0A-457A-A9D2-74C83DF3770C}"
EndProject
Project("{9A19103F-16F7-4668-BE54-9A1E7A4F7556}") = "EpicorBTWRest.Host", "src\Services\EpicorBTWRestService\EpicorBTWRest.Host\EpicorBTWRest.Host.csproj", "{67B619A9-0D51-4FC9-A9B4-F74081670E97}"
EndProject
Project("{9A19103F-16F7-4668-BE54-9A1E7A4F7556}") = "EpicorBTWRest.DataAccess", "src\Services\EpicorBTWRestService\EpicorBTWRest.DataAccess\EpicorBTWRest.DataAccess.csproj", "{F4E9D3B5-9F57-4FF6-8E66-1238D3B206F5}"
EndProject
Project("{9A19103F-16F7-4668-BE54-9A1E7A4F7556}") = "EpicorBTWRest.Rules", "src\Services\EpicorBTWRestService\EpicorBTWRest.Rules\EpicorBTWRest.Rules.csproj", "{9EA8AC50-695C-4489-A907-34055D6D6597}"
EndProject
Project("{2150E333-8FDC-42A3-9474-1A3956D46DE8}") = "BuildingBlocks", "BuildingBlocks", "{BF7C6468-5C68-414F-B628-DD057123288D}"
EndProject
Project("{2150E333-8FDC-42A3-9474-1A3956D46DE8}") = "Events", "Events", "{17FF56D2-6938-43CA-B68D-AC69CEC36309}"
EndProject
Project("{9A19103F-16F7-4668-BE54-9A1E7A4F7556}") = "EventBus", "src\BuildingBlocks\Events\EventBus\EventBus.csproj", "{357A672C-E105-4F31-A51A-2AB25AF06BBE}"
EndProject
Project("{9A19103F-16F7-4668-BE54-9A1E7A4F7556}") = "EventBusRabbitMQ", "src\BuildingBlocks\Events\EventBusRabbitMQ\EventBusRabbitMQ.csproj", "{CCC64185-8AF1-4D4C-81F1-222A9E352994}"
EndProject
Project("{9A19103F-16F7-4668-BE54-9A1E7A4F7556}") = "IntegrationEventLog", "src\BuildingBlocks\Events\IntegrationEventLog\IntegrationEventLog.csproj", "{D47B02F2-9FA6-4B5C-9DD1-80F1A0B9F015}"
EndProject
Project("{2150E333-8FDC-42A3-9474-1A3956D46DE8}") = "WebHost", "WebHost", "{647BD542-A5FE-4DE7-895E-516880C9335B}"
EndProject
Project("{9A19103F-16F7-4668-BE54-9A1E7A4F7556}") = "WebHost.Customization", "src\BuildingBlocks\WebHost\WebHost.Customization\WebHost.Customization.csproj", "{ABD1A56F-06FB-4C15-A45C-09B02C580C8D}"
EndProject
Project("{2150E333-8FDC-42A3-9474-1A3956D46DE8}") = "build", "build", "{486B3C6A-441A-40A0-8A4A-8BF20E5D9CCD}"
	ProjectSection(SolutionItems) = preProject
		build\dependencies.props = build\dependencies.props
	EndProjectSection
EndProject
Project("{2150E333-8FDC-42A3-9474-1A3956D46DE8}") = "Solution Items", "Solution Items", "{11A5F915-782D-4961-AA38-5C5FF237773C}"
	ProjectSection(SolutionItems) = preProject
		Directory.Build.props = Directory.Build.props
	EndProjectSection
EndProject
Project("{2150E333-8FDC-42A3-9474-1A3956D46DE8}") = "Gateway", "Gateway", "{A7FCA04E-2BE2-4840-BF11-EF23552F7FB8}"
EndProject
Project("{9A19103F-16F7-4668-BE54-9A1E7A4F7556}") = "Gateway.API", "src\Gateway\Gateway.API\Gateway.API.csproj", "{8D15BD1A-8292-4C0E-B1AD-DE73A1831C55}"
EndProject
Project("{2150E333-8FDC-42A3-9474-1A3956D46DE8}") = "IntegrarEpicor", "IntegrarEpicor", "{B8FED684-E3B1-441E-8106-D337C7EA88CD}"
EndProject
Project("{9A19103F-16F7-4668-BE54-9A1E7A4F7556}") = "Integrar_Epicor_API", "src\Services\IntegrarEpicor\Integrar_Epicor_API\Integrar_Epicor_API.csproj", "{00A9D37E-B63D-4548-A114-D8E31B8752B8}"
EndProject
Project("{9A19103F-16F7-4668-BE54-9A1E7A4F7556}") = "EpicorBTWRest.DataAccess", "src\Services\IntegrarEpicor\EpicorBTWRest.DataAccess\EpicorBTWRest.DataAccess.csproj", "{24EECC43-9B62-4119-8C57-3F6AE090E30B}"
EndProject
Project("{9A19103F-16F7-4668-BE54-9A1E7A4F7556}") = "EpicorBTWRest.Rules", "src\Services\IntegrarEpicor\EpicorBTWRest.Rules\EpicorBTWRest.Rules.csproj", "{4895446B-6D86-453A-B4B3-07BC8A3D3FA1}"
EndProject
Project("{9A19103F-16F7-4668-BE54-9A1E7A4F7556}") = "EpicorBTWRest.Host", "src\Services\IntegrarEpicor\EpicorBTWRest.Host\EpicorBTWRest.Host.csproj", "{73DD9A8D-7C21-4C4C-BF75-6029BDE8EA57}"
EndProject
Global
	GlobalSection(SolutionConfigurationPlatforms) = preSolution
		Debug|Any CPU = Debug|Any CPU
		Release|Any CPU = Release|Any CPU
	EndGlobalSection
	GlobalSection(ProjectConfigurationPlatforms) = postSolution
		{B74BA65E-D712-4BBD-8559-933F52A5A55D}.Debug|Any CPU.ActiveCfg = Debug|Any CPU
		{B74BA65E-D712-4BBD-8559-933F52A5A55D}.Debug|Any CPU.Build.0 = Debug|Any CPU
		{B74BA65E-D712-4BBD-8559-933F52A5A55D}.Release|Any CPU.ActiveCfg = Release|Any CPU
		{B74BA65E-D712-4BBD-8559-933F52A5A55D}.Release|Any CPU.Build.0 = Release|Any CPU
		{E7928BE9-7855-4E19-8D02-FAE8B190159E}.Debug|Any CPU.ActiveCfg = Debug|Any CPU
		{E7928BE9-7855-4E19-8D02-FAE8B190159E}.Debug|Any CPU.Build.0 = Debug|Any CPU
		{E7928BE9-7855-4E19-8D02-FAE8B190159E}.Release|Any CPU.ActiveCfg = Release|Any CPU
		{E7928BE9-7855-4E19-8D02-FAE8B190159E}.Release|Any CPU.Build.0 = Release|Any CPU
		{BBBF2C99-5F0A-457A-A9D2-74C83DF3770C}.Debug|Any CPU.ActiveCfg = Debug|Any CPU
		{BBBF2C99-5F0A-457A-A9D2-74C83DF3770C}.Debug|Any CPU.Build.0 = Debug|Any CPU
		{BBBF2C99-5F0A-457A-A9D2-74C83DF3770C}.Release|Any CPU.ActiveCfg = Release|Any CPU
		{BBBF2C99-5F0A-457A-A9D2-74C83DF3770C}.Release|Any CPU.Build.0 = Release|Any CPU
		{67B619A9-0D51-4FC9-A9B4-F74081670E97}.Debug|Any CPU.ActiveCfg = Debug|Any CPU
		{67B619A9-0D51-4FC9-A9B4-F74081670E97}.Debug|Any CPU.Build.0 = Debug|Any CPU
		{67B619A9-0D51-4FC9-A9B4-F74081670E97}.Release|Any CPU.ActiveCfg = Release|Any CPU
		{67B619A9-0D51-4FC9-A9B4-F74081670E97}.Release|Any CPU.Build.0 = Release|Any CPU
		{F4E9D3B5-9F57-4FF6-8E66-1238D3B206F5}.Debug|Any CPU.ActiveCfg = Debug|Any CPU
		{F4E9D3B5-9F57-4FF6-8E66-1238D3B206F5}.Debug|Any CPU.Build.0 = Debug|Any CPU
		{F4E9D3B5-9F57-4FF6-8E66-1238D3B206F5}.Release|Any CPU.ActiveCfg = Release|Any CPU
		{F4E9D3B5-9F57-4FF6-8E66-1238D3B206F5}.Release|Any CPU.Build.0 = Release|Any CPU
		{9EA8AC50-695C-4489-A907-34055D6D6597}.Debug|Any CPU.ActiveCfg = Debug|Any CPU
		{9EA8AC50-695C-4489-A907-34055D6D6597}.Debug|Any CPU.Build.0 = Debug|Any CPU
		{9EA8AC50-695C-4489-A907-34055D6D6597}.Release|Any CPU.ActiveCfg = Release|Any CPU
		{9EA8AC50-695C-4489-A907-34055D6D6597}.Release|Any CPU.Build.0 = Release|Any CPU
		{357A672C-E105-4F31-A51A-2AB25AF06BBE}.Debug|Any CPU.ActiveCfg = Debug|Any CPU
		{357A672C-E105-4F31-A51A-2AB25AF06BBE}.Debug|Any CPU.Build.0 = Debug|Any CPU
		{357A672C-E105-4F31-A51A-2AB25AF06BBE}.Release|Any CPU.ActiveCfg = Release|Any CPU
		{357A672C-E105-4F31-A51A-2AB25AF06BBE}.Release|Any CPU.Build.0 = Release|Any CPU
		{CCC64185-8AF1-4D4C-81F1-222A9E352994}.Debug|Any CPU.ActiveCfg = Debug|Any CPU
		{CCC64185-8AF1-4D4C-81F1-222A9E352994}.Debug|Any CPU.Build.0 = Debug|Any CPU
		{CCC64185-8AF1-4D4C-81F1-222A9E352994}.Release|Any CPU.ActiveCfg = Release|Any CPU
		{CCC64185-8AF1-4D4C-81F1-222A9E352994}.Release|Any CPU.Build.0 = Release|Any CPU
		{D47B02F2-9FA6-4B5C-9DD1-80F1A0B9F015}.Debug|Any CPU.ActiveCfg = Debug|Any CPU
		{D47B02F2-9FA6-4B5C-9DD1-80F1A0B9F015}.Debug|Any CPU.Build.0 = Debug|Any CPU
		{D47B02F2-9FA6-4B5C-9DD1-80F1A0B9F015}.Release|Any CPU.ActiveCfg = Release|Any CPU
		{D47B02F2-9FA6-4B5C-9DD1-80F1A0B9F015}.Release|Any CPU.Build.0 = Release|Any CPU
		{ABD1A56F-06FB-4C15-A45C-09B02C580C8D}.Debug|Any CPU.ActiveCfg = Debug|Any CPU
		{ABD1A56F-06FB-4C15-A45C-09B02C580C8D}.Debug|Any CPU.Build.0 = Debug|Any CPU
		{ABD1A56F-06FB-4C15-A45C-09B02C580C8D}.Release|Any CPU.ActiveCfg = Release|Any CPU
		{ABD1A56F-06FB-4C15-A45C-09B02C580C8D}.Release|Any CPU.Build.0 = Release|Any CPU
		{8D15BD1A-8292-4C0E-B1AD-DE73A1831C55}.Debug|Any CPU.ActiveCfg = Debug|Any CPU
		{8D15BD1A-8292-4C0E-B1AD-DE73A1831C55}.Debug|Any CPU.Build.0 = Debug|Any CPU
		{8D15BD1A-8292-4C0E-B1AD-DE73A1831C55}.Release|Any CPU.ActiveCfg = Release|Any CPU
		{8D15BD1A-8292-4C0E-B1AD-DE73A1831C55}.Release|Any CPU.Build.0 = Release|Any CPU
		{00A9D37E-B63D-4548-A114-D8E31B8752B8}.Debug|Any CPU.ActiveCfg = Debug|Any CPU
		{00A9D37E-B63D-4548-A114-D8E31B8752B8}.Debug|Any CPU.Build.0 = Debug|Any CPU
		{00A9D37E-B63D-4548-A114-D8E31B8752B8}.Release|Any CPU.ActiveCfg = Release|Any CPU
		{00A9D37E-B63D-4548-A114-D8E31B8752B8}.Release|Any CPU.Build.0 = Release|Any CPU
		{24EECC43-9B62-4119-8C57-3F6AE090E30B}.Debug|Any CPU.ActiveCfg = Debug|Any CPU
		{24EECC43-9B62-4119-8C57-3F6AE090E30B}.Debug|Any CPU.Build.0 = Debug|Any CPU
		{24EECC43-9B62-4119-8C57-3F6AE090E30B}.Release|Any CPU.ActiveCfg = Release|Any CPU
		{24EECC43-9B62-4119-8C57-3F6AE090E30B}.Release|Any CPU.Build.0 = Release|Any CPU
		{4895446B-6D86-453A-B4B3-07BC8A3D3FA1}.Debug|Any CPU.ActiveCfg = Debug|Any CPU
		{4895446B-6D86-453A-B4B3-07BC8A3D3FA1}.Debug|Any CPU.Build.0 = Debug|Any CPU
		{4895446B-6D86-453A-B4B3-07BC8A3D3FA1}.Release|Any CPU.ActiveCfg = Release|Any CPU
		{4895446B-6D86-453A-B4B3-07BC8A3D3FA1}.Release|Any CPU.Build.0 = Release|Any CPU
		{73DD9A8D-7C21-4C4C-BF75-6029BDE8EA57}.Debug|Any CPU.ActiveCfg = Debug|Any CPU
		{73DD9A8D-7C21-4C4C-BF75-6029BDE8EA57}.Debug|Any CPU.Build.0 = Debug|Any CPU
		{73DD9A8D-7C21-4C4C-BF75-6029BDE8EA57}.Release|Any CPU.ActiveCfg = Release|Any CPU
		{73DD9A8D-7C21-4C4C-BF75-6029BDE8EA57}.Release|Any CPU.Build.0 = Release|Any CPU
	EndGlobalSection
	GlobalSection(SolutionProperties) = preSolution
		HideSolutionNode = FALSE
	EndGlobalSection
	GlobalSection(NestedProjects) = preSolution
		{B74BA65E-D712-4BBD-8559-933F52A5A55D} = {AD21AD0F-0F6F-4C1E-9DF2-5828F5EFAD69}
		{AD21AD0F-0F6F-4C1E-9DF2-5828F5EFAD69} = {CB783532-3521-4E93-9144-998C8054807E}
		{E7928BE9-7855-4E19-8D02-FAE8B190159E} = {AD21AD0F-0F6F-4C1E-9DF2-5828F5EFAD69}
		{BD78775D-704B-4BA7-BF61-50963752926B} = {CB783532-3521-4E93-9144-998C8054807E}
		{981EF794-E03D-45BC-B868-C2531C39B2A7} = {BD78775D-704B-4BA7-BF61-50963752926B}
		{BBBF2C99-5F0A-457A-A9D2-74C83DF3770C} = {981EF794-E03D-45BC-B868-C2531C39B2A7}
		{67B619A9-0D51-4FC9-A9B4-F74081670E97} = {981EF794-E03D-45BC-B868-C2531C39B2A7}
		{F4E9D3B5-9F57-4FF6-8E66-1238D3B206F5} = {981EF794-E03D-45BC-B868-C2531C39B2A7}
		{9EA8AC50-695C-4489-A907-34055D6D6597} = {981EF794-E03D-45BC-B868-C2531C39B2A7}
		{BF7C6468-5C68-414F-B628-DD057123288D} = {CB783532-3521-4E93-9144-998C8054807E}
		{17FF56D2-6938-43CA-B68D-AC69CEC36309} = {BF7C6468-5C68-414F-B628-DD057123288D}
		{357A672C-E105-4F31-A51A-2AB25AF06BBE} = {17FF56D2-6938-43CA-B68D-AC69CEC36309}
		{CCC64185-8AF1-4D4C-81F1-222A9E352994} = {17FF56D2-6938-43CA-B68D-AC69CEC36309}
		{D47B02F2-9FA6-4B5C-9DD1-80F1A0B9F015} = {17FF56D2-6938-43CA-B68D-AC69CEC36309}
		{647BD542-A5FE-4DE7-895E-516880C9335B} = {BF7C6468-5C68-414F-B628-DD057123288D}
		{ABD1A56F-06FB-4C15-A45C-09B02C580C8D} = {647BD542-A5FE-4DE7-895E-516880C9335B}
		{A7FCA04E-2BE2-4840-BF11-EF23552F7FB8} = {CB783532-3521-4E93-9144-998C8054807E}
		{8D15BD1A-8292-4C0E-B1AD-DE73A1831C55} = {A7FCA04E-2BE2-4840-BF11-EF23552F7FB8}
		{B8FED684-E3B1-441E-8106-D337C7EA88CD} = {BD78775D-704B-4BA7-BF61-50963752926B}
		{00A9D37E-B63D-4548-A114-D8E31B8752B8} = {B8FED684-E3B1-441E-8106-D337C7EA88CD}
		{24EECC43-9B62-4119-8C57-3F6AE090E30B} = {B8FED684-E3B1-441E-8106-D337C7EA88CD}
		{4895446B-6D86-453A-B4B3-07BC8A3D3FA1} = {B8FED684-E3B1-441E-8106-D337C7EA88CD}
		{73DD9A8D-7C21-4C4C-BF75-6029BDE8EA57} = {B8FED684-E3B1-441E-8106-D337C7EA88CD}
	EndGlobalSection
	GlobalSection(ExtensibilityGlobals) = postSolution
		SolutionGuid = {9F9BBCDC-E644-404A-8648-84E6E1124F31}
	EndGlobalSection
EndGlobal
